// !$*UTF8*$!
{
	archiveVersion = 1;
	classes = {
	};
	objectVersion = 50;
	objects = {

/* Begin PBXBuildFile section */
		AB98D99F2095C839004997E2 /* AppDelegate.swift in Sources */ = {isa = PBXBuildFile; fileRef = AB98D99E2095C839004997E2 /* AppDelegate.swift */; };
		AB98D9A12095C839004997E2 /* ViewController.swift in Sources */ = {isa = PBXBuildFile; fileRef = AB98D9A02095C839004997E2 /* ViewController.swift */; };
		AB98D9A42095C839004997E2 /* Main.storyboard in Resources */ = {isa = PBXBuildFile; fileRef = AB98D9A22095C839004997E2 /* Main.storyboard */; };
		AB98D9A62095C83A004997E2 /* Assets.xcassets in Resources */ = {isa = PBXBuildFile; fileRef = AB98D9A52095C83A004997E2 /* Assets.xcassets */; };
		AB98D9A92095C83A004997E2 /* LaunchScreen.storyboard in Resources */ = {isa = PBXBuildFile; fileRef = AB98D9A72095C83A004997E2 /* LaunchScreen.storyboard */; };
		AB98D9B42095C83A004997E2 /* StudentPortalPlus_iOSTests.swift in Sources */ = {isa = PBXBuildFile; fileRef = AB98D9B32095C83A004997E2 /* StudentPortalPlus_iOSTests.swift */; };
		AB98D9BF2095C83A004997E2 /* StudentPortalPlus_iOSUITests.swift in Sources */ = {isa = PBXBuildFile; fileRef = AB98D9BE2095C83A004997E2 /* StudentPortalPlus_iOSUITests.swift */; };
/* End PBXBuildFile section */

/* Begin PBXContainerItemProxy section */
		AB98D9B02095C83A004997E2 /* PBXContainerItemProxy */ = {
			isa = PBXContainerItemProxy;
			containerPortal = AB98D9932095C839004997E2 /* Project object */;
			proxyType = 1;
			remoteGlobalIDString = AB98D99A2095C839004997E2;
			remoteInfo = "StudentPortalPlus-iOS";
		};
		AB98D9BB2095C83A004997E2 /* PBXContainerItemProxy */ = {
			isa = PBXContainerItemProxy;
			containerPortal = AB98D9932095C839004997E2 /* Project object */;
			proxyType = 1;
			remoteGlobalIDString = AB98D99A2095C839004997E2;
			remoteInfo = "StudentPortalPlus-iOS";
		};
/* End PBXContainerItemProxy section */

/* Begin PBXFileReference section */
		AB98D99B2095C839004997E2 /* StudentPortalPlus-iOS.app */ = {isa = PBXFileReference; explicitFileType = wrapper.application; includeInIndex = 0; path = "StudentPortalPlus-iOS.app"; sourceTree = BUILT_PRODUCTS_DIR; };
		AB98D99E2095C839004997E2 /* AppDelegate.swift */ = {isa = PBXFileReference; lastKnownFileType = sourcecode.swift; path = AppDelegate.swift; sourceTree = "<group>"; };
		AB98D9A02095C839004997E2 /* ViewController.swift */ = {isa = PBXFileReference; lastKnownFileType = sourcecode.swift; path = ViewController.swift; sourceTree = "<group>"; };
		AB98D9A32095C839004997E2 /* Base */ = {isa = PBXFileReference; lastKnownFileType = file.storyboard; name = Base; path = Base.lproj/Main.storyboard; sourceTree = "<group>"; };
		AB98D9A52095C83A004997E2 /* Assets.xcassets */ = {isa = PBXFileReference; lastKnownFileType = folder.assetcatalog; path = Assets.xcassets; sourceTree = "<group>"; };
		AB98D9A82095C83A004997E2 /* Base */ = {isa = PBXFileReference; lastKnownFileType = file.storyboard; name = Base; path = Base.lproj/LaunchScreen.storyboard; sourceTree = "<group>"; };
		AB98D9AA2095C83A004997E2 /* Info.plist */ = {isa = PBXFileReference; lastKnownFileType = text.plist.xml; path = Info.plist; sourceTree = "<group>"; };
		AB98D9AF2095C83A004997E2 /* StudentPortalPlus-iOSTests.xctest */ = {isa = PBXFileReference; explicitFileType = wrapper.cfbundle; includeInIndex = 0; path = "StudentPortalPlus-iOSTests.xctest"; sourceTree = BUILT_PRODUCTS_DIR; };
		AB98D9B32095C83A004997E2 /* StudentPortalPlus_iOSTests.swift */ = {isa = PBXFileReference; lastKnownFileType = sourcecode.swift; path = StudentPortalPlus_iOSTests.swift; sourceTree = "<group>"; };
		AB98D9B52095C83A004997E2 /* Info.plist */ = {isa = PBXFileReference; lastKnownFileType = text.plist.xml; path = Info.plist; sourceTree = "<group>"; };
		AB98D9BA2095C83A004997E2 /* StudentPortalPlus-iOSUITests.xctest */ = {isa = PBXFileReference; explicitFileType = wrapper.cfbundle; includeInIndex = 0; path = "StudentPortalPlus-iOSUITests.xctest"; sourceTree = BUILT_PRODUCTS_DIR; };
		AB98D9BE2095C83A004997E2 /* StudentPortalPlus_iOSUITests.swift */ = {isa = PBXFileReference; lastKnownFileType = sourcecode.swift; path = StudentPortalPlus_iOSUITests.swift; sourceTree = "<group>"; };
		AB98D9C02095C83A004997E2 /* Info.plist */ = {isa = PBXFileReference; lastKnownFileType = text.plist.xml; path = Info.plist; sourceTree = "<group>"; };
/* End PBXFileReference section */

/* Begin PBXFrameworksBuildPhase section */
		AB98D9982095C839004997E2 /* Frameworks */ = {
			isa = PBXFrameworksBuildPhase;
			buildActionMask = 2147483647;
			files = (
			);
			runOnlyForDeploymentPostprocessing = 0;
		};
		AB98D9AC2095C83A004997E2 /* Frameworks */ = {
			isa = PBXFrameworksBuildPhase;
			buildActionMask = 2147483647;
			files = (
			);
			runOnlyForDeploymentPostprocessing = 0;
		};
		AB98D9B72095C83A004997E2 /* Frameworks */ = {
			isa = PBXFrameworksBuildPhase;
			buildActionMask = 2147483647;
			files = (
			);
			runOnlyForDeploymentPostprocessing = 0;
		};
/* End PBXFrameworksBuildPhase section */

/* Begin PBXGroup section */
		AB98D9922095C839004997E2 = {
			isa = PBXGroup;
			children = (
				AB98D99D2095C839004997E2 /* StudentPortalPlus-iOS */,
				AB98D9B22095C83A004997E2 /* StudentPortalPlus-iOSTests */,
				AB98D9BD2095C83A004997E2 /* StudentPortalPlus-iOSUITests */,
				AB98D99C2095C839004997E2 /* Products */,
			);
			sourceTree = "<group>";
		};
		AB98D99C2095C839004997E2 /* Products */ = {
			isa = PBXGroup;
			children = (
				AB98D99B2095C839004997E2 /* StudentPortalPlus-iOS.app */,
				AB98D9AF2095C83A004997E2 /* StudentPortalPlus-iOSTests.xctest */,
				AB98D9BA2095C83A004997E2 /* StudentPortalPlus-iOSUITests.xctest */,
			);
			name = Products;
			sourceTree = "<group>";
		};
		AB98D99D2095C839004997E2 /* StudentPortalPlus-iOS */ = {
			isa = PBXGroup;
			children = (
				AB98D99E2095C839004997E2 /* AppDelegate.swift */,
				AB98D9A02095C839004997E2 /* ViewController.swift */,
				AB98D9A22095C839004997E2 /* Main.storyboard */,
				AB98D9A52095C83A004997E2 /* Assets.xcassets */,
				AB98D9A72095C83A004997E2 /* LaunchScreen.storyboard */,
				AB98D9AA2095C83A004997E2 /* Info.plist */,
			);
			path = "StudentPortalPlus-iOS";
			sourceTree = "<group>";
		};
		AB98D9B22095C83A004997E2 /* StudentPortalPlus-iOSTests */ = {
			isa = PBXGroup;
			children = (
				AB98D9B32095C83A004997E2 /* StudentPortalPlus_iOSTests.swift */,
				AB98D9B52095C83A004997E2 /* Info.plist */,
			);
			path = "StudentPortalPlus-iOSTests";
			sourceTree = "<group>";
		};
		AB98D9BD2095C83A004997E2 /* StudentPortalPlus-iOSUITests */ = {
			isa = PBXGroup;
			children = (
				AB98D9BE2095C83A004997E2 /* StudentPortalPlus_iOSUITests.swift */,
				AB98D9C02095C83A004997E2 /* Info.plist */,
			);
			path = "StudentPortalPlus-iOSUITests";
			sourceTree = "<group>";
		};
/* End PBXGroup section */

/* Begin PBXNativeTarget section */
		AB98D99A2095C839004997E2 /* StudentPortalPlus-iOS */ = {
			isa = PBXNativeTarget;
			buildConfigurationList = AB98D9C32095C83A004997E2 /* Build configuration list for PBXNativeTarget "StudentPortalPlus-iOS" */;
			buildPhases = (
				AB98D9972095C839004997E2 /* Sources */,
				AB98D9982095C839004997E2 /* Frameworks */,
				AB98D9992095C839004997E2 /* Resources */,
			);
			buildRules = (
			);
			dependencies = (
			);
			name = "StudentPortalPlus-iOS";
			productName = "StudentPortalPlus-iOS";
			productReference = AB98D99B2095C839004997E2 /* StudentPortalPlus-iOS.app */;
			productType = "com.apple.product-type.application";
		};
		AB98D9AE2095C83A004997E2 /* StudentPortalPlus-iOSTests */ = {
			isa = PBXNativeTarget;
			buildConfigurationList = AB98D9C62095C83A004997E2 /* Build configuration list for PBXNativeTarget "StudentPortalPlus-iOSTests" */;
			buildPhases = (
				AB98D9AB2095C83A004997E2 /* Sources */,
				AB98D9AC2095C83A004997E2 /* Frameworks */,
				AB98D9AD2095C83A004997E2 /* Resources */,
			);
			buildRules = (
			);
			dependencies = (
				AB98D9B12095C83A004997E2 /* PBXTargetDependency */,
			);
			name = "StudentPortalPlus-iOSTests";
			productName = "StudentPortalPlus-iOSTests";
			productReference = AB98D9AF2095C83A004997E2 /* StudentPortalPlus-iOSTests.xctest */;
			productType = "com.apple.product-type.bundle.unit-test";
		};
		AB98D9B92095C83A004997E2 /* StudentPortalPlus-iOSUITests */ = {
			isa = PBXNativeTarget;
			buildConfigurationList = AB98D9C92095C83A004997E2 /* Build configuration list for PBXNativeTarget "StudentPortalPlus-iOSUITests" */;
			buildPhases = (
				AB98D9B62095C83A004997E2 /* Sources */,
				AB98D9B72095C83A004997E2 /* Frameworks */,
				AB98D9B82095C83A004997E2 /* Resources */,
			);
			buildRules = (
			);
			dependencies = (
				AB98D9BC2095C83A004997E2 /* PBXTargetDependency */,
			);
			name = "StudentPortalPlus-iOSUITests";
			productName = "StudentPortalPlus-iOSUITests";
			productReference = AB98D9BA2095C83A004997E2 /* StudentPortalPlus-iOSUITests.xctest */;
			productType = "com.apple.product-type.bundle.ui-testing";
		};
/* End PBXNativeTarget section */

/* Begin PBXProject section */
		AB98D9932095C839004997E2 /* Project object */ = {
			isa = PBXProject;
			attributes = {
				LastSwiftUpdateCheck = 0930;
				LastUpgradeCheck = 0930;
				ORGANIZATIONNAME = Taxio;
				TargetAttributes = {
					AB98D99A2095C839004997E2 = {
						CreatedOnToolsVersion = 9.3;
					};
					AB98D9AE2095C83A004997E2 = {
						CreatedOnToolsVersion = 9.3;
						TestTargetID = AB98D99A2095C839004997E2;
					};
					AB98D9B92095C83A004997E2 = {
						CreatedOnToolsVersion = 9.3;
						TestTargetID = AB98D99A2095C839004997E2;
					};
				};
			};
			buildConfigurationList = AB98D9962095C839004997E2 /* Build configuration list for PBXProject "StudentPortalPlus-iOS" */;
			compatibilityVersion = "Xcode 9.3";
			developmentRegion = en;
			hasScannedForEncodings = 0;
			knownRegions = (
				en,
				Base,
			);
			mainGroup = AB98D9922095C839004997E2;
			productRefGroup = AB98D99C2095C839004997E2 /* Products */;
			projectDirPath = "";
			projectRoot = "";
			targets = (
				AB98D99A2095C839004997E2 /* StudentPortalPlus-iOS */,
				AB98D9AE2095C83A004997E2 /* StudentPortalPlus-iOSTests */,
				AB98D9B92095C83A004997E2 /* StudentPortalPlus-iOSUITests */,
			);
		};
/* End PBXProject section */

/* Begin PBXResourcesBuildPhase section */
		AB98D9992095C839004997E2 /* Resources */ = {
			isa = PBXResourcesBuildPhase;
			buildActionMask = 2147483647;
			files = (
				AB98D9A92095C83A004997E2 /* LaunchScreen.storyboard in Resources */,
				AB98D9A62095C83A004997E2 /* Assets.xcassets in Resources */,
				AB98D9A42095C839004997E2 /* Main.storyboard in Resources */,
			);
			runOnlyForDeploymentPostprocessing = 0;
		};
		AB98D9AD2095C83A004997E2 /* Resources */ = {
			isa = PBXResourcesBuildPhase;
			buildActionMask = 2147483647;
			files = (
			);
			runOnlyForDeploymentPostprocessing = 0;
		};
		AB98D9B82095C83A004997E2 /* Resources */ = {
			isa = PBXResourcesBuildPhase;
			buildActionMask = 2147483647;
			files = (
			);
			runOnlyForDeploymentPostprocessing = 0;
		};
/* End PBXResourcesBuildPhase section */

/* Begin PBXSourcesBuildPhase section */
		AB98D9972095C839004997E2 /* Sources */ = {
			isa = PBXSourcesBuildPhase;
			buildActionMask = 2147483647;
			files = (
				AB98D9A12095C839004997E2 /* ViewController.swift in Sources */,
				AB98D99F2095C839004997E2 /* AppDelegate.swift in Sources */,
			);
			runOnlyForDeploymentPostprocessing = 0;
		};
		AB98D9AB2095C83A004997E2 /* Sources */ = {
			isa = PBXSourcesBuildPhase;
			buildActionMask = 2147483647;
			files = (
				AB98D9B42095C83A004997E2 /* StudentPortalPlus_iOSTests.swift in Sources */,
			);
			runOnlyForDeploymentPostprocessing = 0;
		};
		AB98D9B62095C83A004997E2 /* Sources */ = {
			isa = PBXSourcesBuildPhase;
			buildActionMask = 2147483647;
			files = (
				AB98D9BF2095C83A004997E2 /* StudentPortalPlus_iOSUITests.swift in Sources */,
			);
			runOnlyForDeploymentPostprocessing = 0;
		};
/* End PBXSourcesBuildPhase section */

/* Begin PBXTargetDependency section */
		AB98D9B12095C83A004997E2 /* PBXTargetDependency */ = {
			isa = PBXTargetDependency;
			target = AB98D99A2095C839004997E2 /* StudentPortalPlus-iOS */;
			targetProxy = AB98D9B02095C83A004997E2 /* PBXContainerItemProxy */;
		};
		AB98D9BC2095C83A004997E2 /* PBXTargetDependency */ = {
			isa = PBXTargetDependency;
			target = AB98D99A2095C839004997E2 /* StudentPortalPlus-iOS */;
			targetProxy = AB98D9BB2095C83A004997E2 /* PBXContainerItemProxy */;
		};
/* End PBXTargetDependency section */

/* Begin PBXVariantGroup section */
		AB98D9A22095C839004997E2 /* Main.storyboard */ = {
			isa = PBXVariantGroup;
			children = (
				AB98D9A32095C839004997E2 /* Base */,
			);
			name = Main.storyboard;
			sourceTree = "<group>";
		};
		AB98D9A72095C83A004997E2 /* LaunchScreen.storyboard */ = {
			isa = PBXVariantGroup;
			children = (
				AB98D9A82095C83A004997E2 /* Base */,
			);
			name = LaunchScreen.storyboard;
			sourceTree = "<group>";
		};
/* End PBXVariantGroup section */

/* Begin XCBuildConfiguration section */
		AB98D9C12095C83A004997E2 /* Debug */ = {
			isa = XCBuildConfiguration;
			buildSettings = {
				ALWAYS_SEARCH_USER_PATHS = NO;
				CLANG_ANALYZER_NONNULL = YES;
				CLANG_ANALYZER_NUMBER_OBJECT_CONVERSION = YES_AGGRESSIVE;
				CLANG_CXX_LANGUAGE_STANDARD = "gnu++14";
				CLANG_CXX_LIBRARY = "libc++";
				CLANG_ENABLE_MODULES = YES;
				CLANG_ENABLE_OBJC_ARC = YES;
				CLANG_ENABLE_OBJC_WEAK = YES;
				CLANG_WARN_BLOCK_CAPTURE_AUTORELEASING = YES;
				CLANG_WARN_BOOL_CONVERSION = YES;
				CLANG_WARN_COMMA = YES;
				CLANG_WARN_CONSTANT_CONVERSION = YES;
				CLANG_WARN_DEPRECATED_OBJC_IMPLEMENTATIONS = YES;
				CLANG_WARN_DIRECT_OBJC_ISA_USAGE = YES_ERROR;
				CLANG_WARN_DOCUMENTATION_COMMENTS = YES;
				CLANG_WARN_EMPTY_BODY = YES;
				CLANG_WARN_ENUM_CONVERSION = YES;
				CLANG_WARN_INFINITE_RECURSION = YES;
				CLANG_WARN_INT_CONVERSION = YES;
				CLANG_WARN_NON_LITERAL_NULL_CONVERSION = YES;
				CLANG_WARN_OBJC_IMPLICIT_RETAIN_SELF = YES;
				CLANG_WARN_OBJC_LITERAL_CONVERSION = YES;
				CLANG_WARN_OBJC_ROOT_CLASS = YES_ERROR;
				CLANG_WARN_RANGE_LOOP_ANALYSIS = YES;
				CLANG_WARN_STRICT_PROTOTYPES = YES;
				CLANG_WARN_SUSPICIOUS_MOVE = YES;
				CLANG_WARN_UNGUARDED_AVAILABILITY = YES_AGGRESSIVE;
				CLANG_WARN_UNREACHABLE_CODE = YES;
				CLANG_WARN__DUPLICATE_METHOD_MATCH = YES;
				CODE_SIGN_IDENTITY = "iPhone Developer";
				COPY_PHASE_STRIP = NO;
				DEBUG_INFORMATION_FORMAT = dwarf;
				ENABLE_STRICT_OBJC_MSGSEND = YES;
				ENABLE_TESTABILITY = YES;
				GCC_C_LANGUAGE_STANDARD = gnu11;
				GCC_DYNAMIC_NO_PIC = NO;
				GCC_NO_COMMON_BLOCKS = YES;
				GCC_OPTIMIZATION_LEVEL = 0;
				GCC_PREPROCESSOR_DEFINITIONS = (
					"DEBUG=1",
					"$(inherited)",
				);
				GCC_WARN_64_TO_32_BIT_CONVERSION = YES;
				GCC_WARN_ABOUT_RETURN_TYPE = YES_ERROR;
				GCC_WARN_UNDECLARED_SELECTOR = YES;
				GCC_WARN_UNINITIALIZED_AUTOS = YES_AGGRESSIVE;
				GCC_WARN_UNUSED_FUNCTION = YES;
				GCC_WARN_UNUSED_VARIABLE = YES;
				IPHONEOS_DEPLOYMENT_TARGET = 11.3;
				MTL_ENABLE_DEBUG_INFO = YES;
				ONLY_ACTIVE_ARCH = YES;
				SDKROOT = iphoneos;
				SWIFT_ACTIVE_COMPILATION_CONDITIONS = DEBUG;
				SWIFT_OPTIMIZATION_LEVEL = "-Onone";
			};
			name = Debug;
		};
		AB98D9C22095C83A004997E2 /* Release */ = {
			isa = XCBuildConfiguration;
			buildSettings = {
				ALWAYS_SEARCH_USER_PATHS = NO;
				CLANG_ANALYZER_NONNULL = YES;
				CLANG_ANALYZER_NUMBER_OBJECT_CONVERSION = YES_AGGRESSIVE;
				CLANG_CXX_LANGUAGE_STANDARD = "gnu++14";
				CLANG_CXX_LIBRARY = "libc++";
				CLANG_ENABLE_MODULES = YES;
				CLANG_ENABLE_OBJC_ARC = YES;
				CLANG_ENABLE_OBJC_WEAK = YES;
				CLANG_WARN_BLOCK_CAPTURE_AUTORELEASING = YES;
				CLANG_WARN_BOOL_CONVERSION = YES;
				CLANG_WARN_COMMA = YES;
				CLANG_WARN_CONSTANT_CONVERSION = YES;
				CLANG_WARN_DEPRECATED_OBJC_IMPLEMENTATIONS = YES;
				CLANG_WARN_DIRECT_OBJC_ISA_USAGE = YES_ERROR;
				CLANG_WARN_DOCUMENTATION_COMMENTS = YES;
				CLANG_WARN_EMPTY_BODY = YES;
				CLANG_WARN_ENUM_CONVERSION = YES;
				CLANG_WARN_INFINITE_RECURSION = YES;
				CLANG_WARN_INT_CONVERSION = YES;
				CLANG_WARN_NON_LITERAL_NULL_CONVERSION = YES;
				CLANG_WARN_OBJC_IMPLICIT_RETAIN_SELF = YES;
				CLANG_WARN_OBJC_LITERAL_CONVERSION = YES;
				CLANG_WARN_OBJC_ROOT_CLASS = YES_ERROR;
				CLANG_WARN_RANGE_LOOP_ANALYSIS = YES;
				CLANG_WARN_STRICT_PROTOTYPES = YES;
				CLANG_WARN_SUSPICIOUS_MOVE = YES;
				CLANG_WARN_UNGUARDED_AVAILABILITY = YES_AGGRESSIVE;
				CLANG_WARN_UNREACHABLE_CODE = YES;
				CLANG_WARN__DUPLICATE_METHOD_MATCH = YES;
				CODE_SIGN_IDENTITY = "iPhone Developer";
				COPY_PHASE_STRIP = NO;
				DEBUG_INFORMATION_FORMAT = "dwarf-with-dsym";
				ENABLE_NS_ASSERTIONS = NO;
				ENABLE_STRICT_OBJC_MSGSEND = YES;
				GCC_C_LANGUAGE_STANDARD = gnu11;
				GCC_NO_COMMON_BLOCKS = YES;
				GCC_WARN_64_TO_32_BIT_CONVERSION = YES;
				GCC_WARN_ABOUT_RETURN_TYPE = YES_ERROR;
				GCC_WARN_UNDECLARED_SELECTOR = YES;
				GCC_WARN_UNINITIALIZED_AUTOS = YES_AGGRESSIVE;
				GCC_WARN_UNUSED_FUNCTION = YES;
				GCC_WARN_UNUSED_VARIABLE = YES;
				IPHONEOS_DEPLOYMENT_TARGET = 11.3;
				MTL_ENABLE_DEBUG_INFO = NO;
				SDKROOT = iphoneos;
				SWIFT_COMPILATION_MODE = wholemodule;
				SWIFT_OPTIMIZATION_LEVEL = "-O";
				VALIDATE_PRODUCT = YES;
			};
			name = Release;
		};
		AB98D9C42095C83A004997E2 /* Debug */ = {
			isa = XCBuildConfiguration;
			buildSettings = {
				ASSETCATALOG_COMPILER_APPICON_NAME = AppIcon;
				CODE_SIGN_STYLE = Automatic;
				INFOPLIST_FILE = "StudentPortalPlus-iOS/Info.plist";
				LD_RUNPATH_SEARCH_PATHS = (
					"$(inherited)",
					"@executable_path/Frameworks",
				);
				PRODUCT_BUNDLE_IDENTIFIER = "taxio.me.StudentPortalPlus-iOS";
				PRODUCT_NAME = "$(TARGET_NAME)";
				SWIFT_VERSION = 4.0;
				TARGETED_DEVICE_FAMILY = "1,2";
			};
			name = Debug;
		};
		AB98D9C52095C83A004997E2 /* Release */ = {
			isa = XCBuildConfiguration;
			buildSettings = {
				ASSETCATALOG_COMPILER_APPICON_NAME = AppIcon;
				CODE_SIGN_STYLE = Automatic;
				INFOPLIST_FILE = "StudentPortalPlus-iOS/Info.plist";
				LD_RUNPATH_SEARCH_PATHS = (
					"$(inherited)",
					"@executable_path/Frameworks",
				);
				PRODUCT_BUNDLE_IDENTIFIER = "taxio.me.StudentPortalPlus-iOS";
				PRODUCT_NAME = "$(TARGET_NAME)";
				SWIFT_VERSION = 4.0;
				TARGETED_DEVICE_FAMILY = "1,2";
			};
			name = Release;
		};
		AB98D9C72095C83A004997E2 /* Debug */ = {
			isa = XCBuildConfiguration;
			buildSettings = {
				ALWAYS_EMBED_SWIFT_STANDARD_LIBRARIES = YES;
				BUNDLE_LOADER = "$(TEST_HOST)";
				CODE_SIGN_STYLE = Automatic;
				INFOPLIST_FILE = "StudentPortalPlus-iOSTests/Info.plist";
				LD_RUNPATH_SEARCH_PATHS = (
					"$(inherited)",
					"@executable_path/Frameworks",
					"@loader_path/Frameworks",
				);
				PRODUCT_BUNDLE_IDENTIFIER = "taxio.me.StudentPortalPlus-iOSTests";
				PRODUCT_NAME = "$(TARGET_NAME)";
				SWIFT_VERSION = 4.0;
				TARGETED_DEVICE_FAMILY = "1,2";
				TEST_HOST = "$(BUILT_PRODUCTS_DIR)/StudentPortalPlus-iOS.app/StudentPortalPlus-iOS";
			};
			name = Debug;
		};
		AB98D9C82095C83A004997E2 /* Release */ = {
			isa = XCBuildConfiguration;
			buildSettings = {
				ALWAYS_EMBED_SWIFT_STANDARD_LIBRARIES = YES;
				BUNDLE_LOADER = "$(TEST_HOST)";
				CODE_SIGN_STYLE = Automatic;
				INFOPLIST_FILE = "StudentPortalPlus-iOSTests/Info.plist";
				LD_RUNPATH_SEARCH_PATHS = (
					"$(inherited)",
					"@executable_path/Frameworks",
					"@loader_path/Frameworks",
				);
				PRODUCT_BUNDLE_IDENTIFIER = "taxio.me.StudentPortalPlus-iOSTests";
				PRODUCT_NAME = "$(TARGET_NAME)";
				SWIFT_VERSION = 4.0;
				TARGETED_DEVICE_FAMILY = "1,2";
				TEST_HOST = "$(BUILT_PRODUCTS_DIR)/StudentPortalPlus-iOS.app/StudentPortalPlus-iOS";
			};
			name = Release;
		};
		AB98D9CA2095C83A004997E2 /* Debug */ = {
			isa = XCBuildConfiguration;
			buildSettings = {
				ALWAYS_EMBED_SWIFT_STANDARD_LIBRARIES = YES;
				CODE_SIGN_STYLE = Automatic;
				INFOPLIST_FILE = "StudentPortalPlus-iOSUITests/Info.plist";
				LD_RUNPATH_SEARCH_PATHS = (
					"$(inherited)",
					"@executable_path/Frameworks",
					"@loader_path/Frameworks",
				);
				PRODUCT_BUNDLE_IDENTIFIER = "taxio.me.StudentPortalPlus-iOSUITests";
				PRODUCT_NAME = "$(TARGET_NAME)";
				SWIFT_VERSION = 4.0;
				TARGETED_DEVICE_FAMILY = "1,2";
				TEST_TARGET_NAME = "StudentPortalPlus-iOS";
			};
			name = Debug;
		};
		AB98D9CB2095C83A004997E2 /* Release */ = {
			isa = XCBuildConfiguration;
			buildSettings = {
				ALWAYS_EMBED_SWIFT_STANDARD_LIBRARIES = YES;
				CODE_SIGN_STYLE = Automatic;
				INFOPLIST_FILE = "StudentPortalPlus-iOSUITests/Info.plist";
				LD_RUNPATH_SEARCH_PATHS = (
					"$(inherited)",
					"@executable_path/Frameworks",
					"@loader_path/Frameworks",
				);
				PRODUCT_BUNDLE_IDENTIFIER = "taxio.me.StudentPortalPlus-iOSUITests";
				PRODUCT_NAME = "$(TARGET_NAME)";
				SWIFT_VERSION = 4.0;
				TARGETED_DEVICE_FAMILY = "1,2";
				TEST_TARGET_NAME = "StudentPortalPlus-iOS";
			};
			name = Release;
		};
/* End XCBuildConfiguration section */

/* Begin XCConfigurationList section */
		AB98D9962095C839004997E2 /* Build configuration list for PBXProject "StudentPortalPlus-iOS" */ = {
			isa = XCConfigurationList;
			buildConfigurations = (
				AB98D9C12095C83A004997E2 /* Debug */,
				AB98D9C22095C83A004997E2 /* Release */,
			);
			defaultConfigurationIsVisible = 0;
			defaultConfigurationName = Release;
		};
		AB98D9C32095C83A004997E2 /* Build configuration list for PBXNativeTarget "StudentPortalPlus-iOS" */ = {
			isa = XCConfigurationList;
			buildConfigurations = (
				AB98D9C42095C83A004997E2 /* Debug */,
				AB98D9C52095C83A004997E2 /* Release */,
			);
			defaultConfigurationIsVisible = 0;
			defaultConfigurationName = Release;
		};
		AB98D9C62095C83A004997E2 /* Build configuration list for PBXNativeTarget "StudentPortalPlus-iOSTests" */ = {
			isa = XCConfigurationList;
			buildConfigurations = (
				AB98D9C72095C83A004997E2 /* Debug */,
				AB98D9C82095C83A004997E2 /* Release */,
			);
			defaultConfigurationIsVisible = 0;
			defaultConfigurationName = Release;
		};
		AB98D9C92095C83A004997E2 /* Build configuration list for PBXNativeTarget "StudentPortalPlus-iOSUITests" */ = {
			isa = XCConfigurationList;
			buildConfigurations = (
				AB98D9CA2095C83A004997E2 /* Debug */,
				AB98D9CB2095C83A004997E2 /* Release */,
			);
			defaultConfigurationIsVisible = 0;
			defaultConfigurationName = Release;
		};
/* End XCConfigurationList section */
	};
	rootObject = AB98D9932095C839004997E2 /* Project object */;
}
